// !$*UTF8*$!
{
	archiveVersion = 1;
	classes = {
	};
	objectVersion = 46;
	objects = {

/* Begin PBXBuildFile section */
		AE3560231E4D32C100323017 /* main.cpp in Sources */ = {isa = PBXBuildFile; fileRef = AE3560221E4D32C100323017 /* main.cpp */; };
		AE35602E1E4D33B900323017 /* People.cpp in Sources */ = {isa = PBXBuildFile; fileRef = AE35602C1E4D33B900323017 /* People.cpp */; };
		AE35603D1E4D36CF00323017 /* main.cpp in Sources */ = {isa = PBXBuildFile; fileRef = AE35603C1E4D36CF00323017 /* main.cpp */; };
		AE3560431E4D378300323017 /* People.cpp in Sources */ = {isa = PBXBuildFile; fileRef = AE3560411E4D378300323017 /* People.cpp */; };
/* End PBXBuildFile section */

/* Begin PBXCopyFilesBuildPhase section */
		AE35601D1E4D32C100323017 /* CopyFiles */ = {
			isa = PBXCopyFilesBuildPhase;
			buildActionMask = 2147483647;
			dstPath = /usr/share/man/man1/;
			dstSubfolderSpec = 0;
			files = (
			);
			runOnlyForDeploymentPostprocessing = 1;
		};
		AE3560381E4D36CF00323017 /* CopyFiles */ = {
			isa = PBXCopyFilesBuildPhase;
			buildActionMask = 2147483647;
			dstPath = /usr/share/man/man1/;
			dstSubfolderSpec = 0;
			files = (
			);
			runOnlyForDeploymentPostprocessing = 1;
		};
/* End PBXCopyFilesBuildPhase section */

/* Begin PBXFileReference section */
		AE35601F1E4D32C100323017 /* L01OOP */ = {isa = PBXFileReference; explicitFileType = "compiled.mach-o.executable"; includeInIndex = 0; path = L01OOP; sourceTree = BUILT_PRODUCTS_DIR; };
		AE3560221E4D32C100323017 /* main.cpp */ = {isa = PBXFileReference; lastKnownFileType = sourcecode.cpp.cpp; path = main.cpp; sourceTree = "<group>"; };
		AE35602C1E4D33B900323017 /* People.cpp */ = {isa = PBXFileReference; fileEncoding = 4; lastKnownFileType = sourcecode.cpp.cpp; path = People.cpp; sourceTree = "<group>"; };
		AE35602D1E4D33B900323017 /* People.hpp */ = {isa = PBXFileReference; fileEncoding = 4; lastKnownFileType = sourcecode.cpp.h; path = People.hpp; sourceTree = "<group>"; };
		AE35603A1E4D36CF00323017 /* L02 */ = {isa = PBXFileReference; explicitFileType = "compiled.mach-o.executable"; includeInIndex = 0; path = L02; sourceTree = BUILT_PRODUCTS_DIR; };
		AE35603C1E4D36CF00323017 /* main.cpp */ = {isa = PBXFileReference; lastKnownFileType = sourcecode.cpp.cpp; path = main.cpp; sourceTree = "<group>"; };
		AE3560411E4D378300323017 /* People.cpp */ = {isa = PBXFileReference; fileEncoding = 4; lastKnownFileType = sourcecode.cpp.cpp; path = People.cpp; sourceTree = "<group>"; };
		AE3560421E4D378300323017 /* People.hpp */ = {isa = PBXFileReference; fileEncoding = 4; lastKnownFileType = sourcecode.cpp.h; path = People.hpp; sourceTree = "<group>"; };
/* End PBXFileReference section */

/* Begin PBXFrameworksBuildPhase section */
		AE35601C1E4D32C100323017 /* Frameworks */ = {
			isa = PBXFrameworksBuildPhase;
			buildActionMask = 2147483647;
			files = (
			);
			runOnlyForDeploymentPostprocessing = 0;
		};
		AE3560371E4D36CF00323017 /* Frameworks */ = {
			isa = PBXFrameworksBuildPhase;
			buildActionMask = 2147483647;
			files = (
			);
			runOnlyForDeploymentPostprocessing = 0;
		};
/* End PBXFrameworksBuildPhase section */

/* Begin PBXGroup section */
		AE3560161E4D32C100323017 = {
			isa = PBXGroup;
			children = (
				AE3560211E4D32C100323017 /* L01OOP */,
				AE35603B1E4D36CF00323017 /* L02 */,
				AE3560201E4D32C100323017 /* Products */,
			);
			sourceTree = "<group>";
		};
		AE3560201E4D32C100323017 /* Products */ = {
			isa = PBXGroup;
			children = (
				AE35601F1E4D32C100323017 /* L01OOP */,
				AE35603A1E4D36CF00323017 /* L02 */,
			);
			name = Products;
			sourceTree = "<group>";
		};
		AE3560211E4D32C100323017 /* L01OOP */ = {
			isa = PBXGroup;
			children = (
				AE3560221E4D32C100323017 /* main.cpp */,
				AE35602C1E4D33B900323017 /* People.cpp */,
				AE35602D1E4D33B900323017 /* People.hpp */,
			);
			path = L01OOP;
			sourceTree = "<group>";
		};
		AE35603B1E4D36CF00323017 /* L02 */ = {
			isa = PBXGroup;
			children = (
				AE35603C1E4D36CF00323017 /* main.cpp */,
				AE3560411E4D378300323017 /* People.cpp */,
				AE3560421E4D378300323017 /* People.hpp */,
			);
			path = L02;
			sourceTree = "<group>";
		};
/* End PBXGroup section */

/* Begin PBXNativeTarget section */
		AE35601E1E4D32C100323017 /* L01OOP */ = {
			isa = PBXNativeTarget;
			buildConfigurationList = AE3560261E4D32C100323017 /* Build configuration list for PBXNativeTarget "L01OOP" */;
			buildPhases = (
				AE35601B1E4D32C100323017 /* Sources */,
				AE35601C1E4D32C100323017 /* Frameworks */,
				AE35601D1E4D32C100323017 /* CopyFiles */,
			);
			buildRules = (
			);
			dependencies = (
			);
			name = L01OOP;
			productName = L01OOP;
			productReference = AE35601F1E4D32C100323017 /* L01OOP */;
			productType = "com.apple.product-type.tool";
		};
		AE3560391E4D36CF00323017 /* L02 */ = {
			isa = PBXNativeTarget;
			buildConfigurationList = AE35603E1E4D36CF00323017 /* Build configuration list for PBXNativeTarget "L02" */;
			buildPhases = (
				AE3560361E4D36CF00323017 /* Sources */,
				AE3560371E4D36CF00323017 /* Frameworks */,
				AE3560381E4D36CF00323017 /* CopyFiles */,
			);
			buildRules = (
			);
			dependencies = (
			);
			name = L02;
			productName = L02;
			productReference = AE35603A1E4D36CF00323017 /* L02 */;
			productType = "com.apple.product-type.tool";
		};
/* End PBXNativeTarget section */

/* Begin PBXProject section */
		AE3560171E4D32C100323017 /* Project object */ = {
			isa = PBXProject;
			attributes = {
				LastUpgradeCheck = 0820;
				ORGANIZATIONNAME = SunShine;
				TargetAttributes = {
					AE35601E1E4D32C100323017 = {
						CreatedOnToolsVersion = 8.2.1;
						ProvisioningStyle = Automatic;
					};
					AE3560391E4D36CF00323017 = {
						CreatedOnToolsVersion = 8.2.1;
						ProvisioningStyle = Automatic;
					};
				};
			};
			buildConfigurationList = AE35601A1E4D32C100323017 /* Build configuration list for PBXProject "L01OOP" */;
			compatibilityVersion = "Xcode 3.2";
			developmentRegion = English;
			hasScannedForEncodings = 0;
			knownRegions = (
				en,
			);
			mainGroup = AE3560161E4D32C100323017;
			productRefGroup = AE3560201E4D32C100323017 /* Products */;
			projectDirPath = "";
			projectRoot = "";
			targets = (
				AE35601E1E4D32C100323017 /* L01OOP */,
				AE3560391E4D36CF00323017 /* L02 */,
			);
		};
/* End PBXProject section */

/* Begin PBXSourcesBuildPhase section */
		AE35601B1E4D32C100323017 /* Sources */ = {
			isa = PBXSourcesBuildPhase;
			buildActionMask = 2147483647;
			files = (
				AE35602E1E4D33B900323017 /* People.cpp in Sources */,
				AE3560231E4D32C100323017 /* main.cpp in Sources */,
			);
			runOnlyForDeploymentPostprocessing = 0;
		};
		AE3560361E4D36CF00323017 /* Sources */ = {
			isa = PBXSourcesBuildPhase;
			buildActionMask = 2147483647;
			files = (
				AE3560431E4D378300323017 /* People.cpp in Sources */,
				AE35603D1E4D36CF00323017 /* main.cpp in Sources */,
			);
			runOnlyForDeploymentPostprocessing = 0;
		};
/* End PBXSourcesBuildPhase section */

/* Begin XCBuildConfiguration section */
		AE3560241E4D32C100323017 /* Debug */ = {
			isa = XCBuildConfiguration;
			buildSettings = {
				ALWAYS_SEARCH_USER_PATHS = NO;
				CLANG_ANALYZER_NONNULL = YES;
				CLANG_CXX_LANGUAGE_STANDARD = "gnu++0x";
				CLANG_CXX_LIBRARY = "libc++";
				CLANG_ENABLE_MODULES = YES;
				CLANG_ENABLE_OBJC_ARC = YES;
				CLANG_WARN_BOOL_CONVERSION = YES;
				CLANG_WARN_CONSTANT_CONVERSION = YES;
				CLANG_WARN_DIRECT_OBJC_ISA_USAGE = YES_ERROR;
				CLANG_WARN_DOCUMENTATION_COMMENTS = YES;
				CLANG_WARN_EMPTY_BODY = YES;
				CLANG_WARN_ENUM_CONVERSION = YES;
				CLANG_WARN_INFINITE_RECURSION = YES;
				CLANG_WARN_INT_CONVERSION = YES;
				CLANG_WARN_OBJC_ROOT_CLASS = YES_ERROR;
				CLANG_WARN_SUSPICIOUS_MOVE = YES;
				CLANG_WARN_UNREACHABLE_CODE = YES;
				CLANG_WARN__DUPLICATE_METHOD_MATCH = YES;
				CODE_SIGN_IDENTITY = "-";
				COPY_PHASE_STRIP = NO;
				DEBUG_INFORMATION_FORMAT = dwarf;
				ENABLE_STRICT_OBJC_MSGSEND = YES;
				ENABLE_TESTABILITY = YES;
				GCC_C_LANGUAGE_STANDARD = gnu99;
				GCC_DYNAMIC_NO_PIC = NO;
				GCC_NO_COMMON_BLOCKS = YES;
				GCC_OPTIMIZATION_LEVEL = 0;
				GCC_PREPROCESSOR_DEFINITIONS = (
					"DEBUG=1",
					"$(inherited)",
				);
				GCC_WARN_64_TO_32_BIT_CONVERSION = YES;
				GCC_WARN_ABOUT_RETURN_TYPE = YES_ERROR;
				GCC_WARN_UNDECLARED_SELECTOR = YES;
				GCC_WARN_UNINITIALIZED_AUTOS = YES_AGGRESSIVE;
				GCC_WARN_UNUSED_FUNCTION = YES;
				GCC_WARN_UNUSED_VARIABLE = YES;
				MACOSX_DEPLOYMENT_TARGET = 10.12;
				MTL_ENABLE_DEBUG_INFO = YES;
				ONLY_ACTIVE_ARCH = YES;
				SDKROOT = macosx;
			};
			name = Debug;
		};
		AE3560251E4D32C100323017 /* Release */ = {
			isa = XCBuildConfiguration;
			buildSettings = {
				ALWAYS_SEARCH_USER_PATHS = NO;
				CLANG_ANALYZER_NONNULL = YES;
				CLANG_CXX_LANGUAGE_STANDARD = "gnu++0x";
				CLANG_CXX_LIBRARY = "libc++";
				CLANG_ENABLE_MODULES = YES;
				CLANG_ENABLE_OBJC_ARC = YES;
				CLANG_WARN_BOOL_CONVERSION = YES;
				CLANG_WARN_CONSTANT_CONVERSION = YES;
				CLANG_WARN_DIRECT_OBJC_ISA_USAGE = YES_ERROR;
				CLANG_WARN_DOCUMENTATION_COMMENTS = YES;
				CLANG_WARN_EMPTY_BODY = YES;
				CLANG_WARN_ENUM_CONVERSION = YES;
				CLANG_WARN_INFINITE_RECURSION = YES;
				CLANG_WARN_INT_CONVERSION = YES;
				CLANG_WARN_OBJC_ROOT_CLASS = YES_ERROR;
				CLANG_WARN_SUSPICIOUS_MOVE = YES;
				CLANG_WARN_UNREACHABLE_CODE = YES;
				CLANG_WARN__DUPLICATE_METHOD_MATCH = YES;
				CODE_SIGN_IDENTITY = "-";
				COPY_PHASE_STRIP = NO;
				DEBUG_INFORMATION_FORMAT = "dwarf-with-dsym";
				ENABLE_NS_ASSERTIONS = NO;
				ENABLE_STRICT_OBJC_MSGSEND = YES;
				GCC_C_LANGUAGE_STANDARD = gnu99;
				GCC_NO_COMMON_BLOCKS = YES;
				GCC_WARN_64_TO_32_BIT_CONVERSION = YES;
				GCC_WARN_ABOUT_RETURN_TYPE = YES_ERROR;
				GCC_WARN_UNDECLARED_SELECTOR = YES;
				GCC_WARN_UNINITIALIZED_AUTOS = YES_AGGRESSIVE;
				GCC_WARN_UNUSED_FUNCTION = YES;
				GCC_WARN_UNUSED_VARIABLE = YES;
				MACOSX_DEPLOYMENT_TARGET = 10.12;
				MTL_ENABLE_DEBUG_INFO = NO;
				SDKROOT = macosx;
			};
			name = Release;
		};
		AE3560271E4D32C100323017 /* Debug */ = {
			isa = XCBuildConfiguration;
			buildSettings = {
				PRODUCT_NAME = "$(TARGET_NAME)";
			};
			name = Debug;
		};
		AE3560281E4D32C100323017 /* Release */ = {
			isa = XCBuildConfiguration;
			buildSettings = {
				PRODUCT_NAME = "$(TARGET_NAME)";
			};
			name = Release;
		};
		AE35603F1E4D36CF00323017 /* Debug */ = {
			isa = XCBuildConfiguration;
			buildSettings = {
				PRODUCT_NAME = "$(TARGET_NAME)";
			};
			name = Debug;
		};
		AE3560401E4D36CF00323017 /* Release */ = {
			isa = XCBuildConfiguration;
			buildSettings = {
				PRODUCT_NAME = "$(TARGET_NAME)";
			};
			name = Release;
		};
/* End XCBuildConfiguration section */

/* Begin XCConfigurationList section */
		AE35601A1E4D32C100323017 /* Build configuration list for PBXProject "L01OOP" */ = {
			isa = XCConfigurationList;
			buildConfigurations = (
				AE3560241E4D32C100323017 /* Debug */,
				AE3560251E4D32C100323017 /* Release */,
			);
			defaultConfigurationIsVisible = 0;
			defaultConfigurationName = Release;
		};
		AE3560261E4D32C100323017 /* Build configuration list for PBXNativeTarget "L01OOP" */ = {
			isa = XCConfigurationList;
			buildConfigurations = (
				AE3560271E4D32C100323017 /* Debug */,
				AE3560281E4D32C100323017 /* Release */,
			);
			defaultConfigurationIsVisible = 0;
		};
		AE35603E1E4D36CF00323017 /* Build configuration list for PBXNativeTarget "L02" */ = {
			isa = XCConfigurationList;
			buildConfigurations = (
				AE35603F1E4D36CF00323017 /* Debug */,
				AE3560401E4D36CF00323017 /* Release */,
			);
			defaultConfigurationIsVisible = 0;
		};
/* End XCConfigurationList section */
	};
	rootObject = AE3560171E4D32C100323017 /* Project object */;
}
